// !$*UTF8*$!
{
	archiveVersion = 1;
	classes = {
	};
	objectVersion = 51;
	objects = {

/* Begin PBXBuildFile section */
		18271E18253995EF002FE5BB /* SecrtPageViewController.swift in Sources */ = {isa = PBXBuildFile; fileRef = 18271E17253995EF002FE5BB /* SecrtPageViewController.swift */; };
		182F21232533264400477466 /* AppDelegate.swift in Sources */ = {isa = PBXBuildFile; fileRef = 182F21222533264400477466 /* AppDelegate.swift */; };
		182F21252533264400477466 /* SceneDelegate.swift in Sources */ = {isa = PBXBuildFile; fileRef = 182F21242533264400477466 /* SceneDelegate.swift */; };
		182F21272533264400477466 /* ViewController.swift in Sources */ = {isa = PBXBuildFile; fileRef = 182F21262533264400477466 /* ViewController.swift */; };
		182F212A2533264400477466 /* Main.storyboard in Resources */ = {isa = PBXBuildFile; fileRef = 182F21282533264400477466 /* Main.storyboard */; };
		182F212D2533264400477466 /* SQLiteExample.xcdatamodeld in Sources */ = {isa = PBXBuildFile; fileRef = 182F212B2533264400477466 /* SQLiteExample.xcdatamodeld */; };
		182F212F2533266B00477466 /* Assets.xcassets in Resources */ = {isa = PBXBuildFile; fileRef = 182F212E2533266B00477466 /* Assets.xcassets */; };
		182F21322533266B00477466 /* LaunchScreen.storyboard in Resources */ = {isa = PBXBuildFile; fileRef = 182F21302533266B00477466 /* LaunchScreen.storyboard */; };
		182F213D2533266C00477466 /* SQLiteExampleTests.swift in Sources */ = {isa = PBXBuildFile; fileRef = 182F213C2533266C00477466 /* SQLiteExampleTests.swift */; };
		182F21482533266C00477466 /* SQLiteExampleUITests.swift in Sources */ = {isa = PBXBuildFile; fileRef = 182F21472533266C00477466 /* SQLiteExampleUITests.swift */; };
		182F215925332BBD00477466 /* RegisterDB.db in Resources */ = {isa = PBXBuildFile; fileRef = 182F215825332BBD00477466 /* RegisterDB.db */; };
		182F216825332DEA00477466 /* Utility.swift in Sources */ = {isa = PBXBuildFile; fileRef = 182F216725332DEA00477466 /* Utility.swift */; };
		182F216D2533333000477466 /* SignupModel.swift in Sources */ = {isa = PBXBuildFile; fileRef = 182F216C2533333000477466 /* SignupModel.swift */; };
		182F2172253333AF00477466 /* DatabaseManager.swift in Sources */ = {isa = PBXBuildFile; fileRef = 182F2171253333AF00477466 /* DatabaseManager.swift */; };
		1A20E3E719A737FB433CA0AE /* Pods_SQLiteExample_SQLiteExampleUITests.framework in Frameworks */ = {isa = PBXBuildFile; fileRef = 4BA9399E88BF65C2D7691867 /* Pods_SQLiteExample_SQLiteExampleUITests.framework */; };
		2FA1891B58420C7434755337 /* Pods_SQLiteExample.framework in Frameworks */ = {isa = PBXBuildFile; fileRef = 15BF0F89FC5A8C3BDA6CA025 /* Pods_SQLiteExample.framework */; };
		4C5355DF7EB29FC0BAF335FE /* Pods_SQLiteExampleTests.framework in Frameworks */ = {isa = PBXBuildFile; fileRef = 805CE189A85D7843F449BC52 /* Pods_SQLiteExampleTests.framework */; };
/* End PBXBuildFile section */

/* Begin PBXContainerItemProxy section */
		182F21392533266C00477466 /* PBXContainerItemProxy */ = {
			isa = PBXContainerItemProxy;
			containerPortal = 182F21172533264400477466 /* Project object */;
			proxyType = 1;
			remoteGlobalIDString = 182F211E2533264400477466;
			remoteInfo = SQLiteExample;
		};
		182F21442533266C00477466 /* PBXContainerItemProxy */ = {
			isa = PBXContainerItemProxy;
			containerPortal = 182F21172533264400477466 /* Project object */;
			proxyType = 1;
			remoteGlobalIDString = 182F211E2533264400477466;
			remoteInfo = SQLiteExample;
		};
/* End PBXContainerItemProxy section */

/* Begin PBXFileReference section */
		15BF0F89FC5A8C3BDA6CA025 /* Pods_SQLiteExample.framework */ = {isa = PBXFileReference; explicitFileType = wrapper.framework; includeInIndex = 0; path = Pods_SQLiteExample.framework; sourceTree = BUILT_PRODUCTS_DIR; };
		16E490C5F2FD3A6775A9C643 /* Pods-SQLiteExampleTests.release.xcconfig */ = {isa = PBXFileReference; includeInIndex = 1; lastKnownFileType = text.xcconfig; name = "Pods-SQLiteExampleTests.release.xcconfig"; path = "Target Support Files/Pods-SQLiteExampleTests/Pods-SQLiteExampleTests.release.xcconfig"; sourceTree = "<group>"; };
		1745BC37562EF3557F377519 /* Pods-SQLiteExample.release.xcconfig */ = {isa = PBXFileReference; includeInIndex = 1; lastKnownFileType = text.xcconfig; name = "Pods-SQLiteExample.release.xcconfig"; path = "Target Support Files/Pods-SQLiteExample/Pods-SQLiteExample.release.xcconfig"; sourceTree = "<group>"; };
		18271E17253995EF002FE5BB /* SecrtPageViewController.swift */ = {isa = PBXFileReference; lastKnownFileType = sourcecode.swift; path = SecrtPageViewController.swift; sourceTree = "<group>"; };
		182F211F2533264400477466 /* SQLiteExample.app */ = {isa = PBXFileReference; explicitFileType = wrapper.application; includeInIndex = 0; path = SQLiteExample.app; sourceTree = BUILT_PRODUCTS_DIR; };
		182F21222533264400477466 /* AppDelegate.swift */ = {isa = PBXFileReference; lastKnownFileType = sourcecode.swift; path = AppDelegate.swift; sourceTree = "<group>"; };
		182F21242533264400477466 /* SceneDelegate.swift */ = {isa = PBXFileReference; lastKnownFileType = sourcecode.swift; path = SceneDelegate.swift; sourceTree = "<group>"; };
		182F21262533264400477466 /* ViewController.swift */ = {isa = PBXFileReference; lastKnownFileType = sourcecode.swift; path = ViewController.swift; sourceTree = "<group>"; };
		182F21292533264400477466 /* Base */ = {isa = PBXFileReference; lastKnownFileType = file.storyboard; name = Base; path = Base.lproj/Main.storyboard; sourceTree = "<group>"; };
		182F212C2533264400477466 /* SQLiteExample.xcdatamodel */ = {isa = PBXFileReference; lastKnownFileType = wrapper.xcdatamodel; path = SQLiteExample.xcdatamodel; sourceTree = "<group>"; };
		182F212E2533266B00477466 /* Assets.xcassets */ = {isa = PBXFileReference; lastKnownFileType = folder.assetcatalog; path = Assets.xcassets; sourceTree = "<group>"; };
		182F21312533266B00477466 /* Base */ = {isa = PBXFileReference; lastKnownFileType = file.storyboard; name = Base; path = Base.lproj/LaunchScreen.storyboard; sourceTree = "<group>"; };
		182F21332533266B00477466 /* Info.plist */ = {isa = PBXFileReference; lastKnownFileType = text.plist.xml; path = Info.plist; sourceTree = "<group>"; };
		182F21382533266B00477466 /* SQLiteExampleTests.xctest */ = {isa = PBXFileReference; explicitFileType = wrapper.cfbundle; includeInIndex = 0; path = SQLiteExampleTests.xctest; sourceTree = BUILT_PRODUCTS_DIR; };
		182F213C2533266C00477466 /* SQLiteExampleTests.swift */ = {isa = PBXFileReference; lastKnownFileType = sourcecode.swift; path = SQLiteExampleTests.swift; sourceTree = "<group>"; };
		182F213E2533266C00477466 /* Info.plist */ = {isa = PBXFileReference; lastKnownFileType = text.plist.xml; path = Info.plist; sourceTree = "<group>"; };
		182F21432533266C00477466 /* SQLiteExampleUITests.xctest */ = {isa = PBXFileReference; explicitFileType = wrapper.cfbundle; includeInIndex = 0; path = SQLiteExampleUITests.xctest; sourceTree = BUILT_PRODUCTS_DIR; };
		182F21472533266C00477466 /* SQLiteExampleUITests.swift */ = {isa = PBXFileReference; lastKnownFileType = sourcecode.swift; path = SQLiteExampleUITests.swift; sourceTree = "<group>"; };
		182F21492533266C00477466 /* Info.plist */ = {isa = PBXFileReference; lastKnownFileType = text.plist.xml; path = Info.plist; sourceTree = "<group>"; };
		182F215825332BBD00477466 /* RegisterDB.db */ = {isa = PBXFileReference; lastKnownFileType = file; path = RegisterDB.db; sourceTree = "<group>"; };
		182F216725332DEA00477466 /* Utility.swift */ = {isa = PBXFileReference; lastKnownFileType = sourcecode.swift; path = Utility.swift; sourceTree = "<group>"; };
		182F216C2533333000477466 /* SignupModel.swift */ = {isa = PBXFileReference; lastKnownFileType = sourcecode.swift; path = SignupModel.swift; sourceTree = "<group>"; };
		182F2171253333AF00477466 /* DatabaseManager.swift */ = {isa = PBXFileReference; lastKnownFileType = sourcecode.swift; path = DatabaseManager.swift; sourceTree = "<group>"; };
		1C7B51F497C23D59C59A0D2D /* Pods-SQLiteExample.debug.xcconfig */ = {isa = PBXFileReference; includeInIndex = 1; lastKnownFileType = text.xcconfig; name = "Pods-SQLiteExample.debug.xcconfig"; path = "Target Support Files/Pods-SQLiteExample/Pods-SQLiteExample.debug.xcconfig"; sourceTree = "<group>"; };
		3F36DFB7B6B72C4910E3F426 /* Pods-SQLiteExample-SQLiteExampleUITests.release.xcconfig */ = {isa = PBXFileReference; includeInIndex = 1; lastKnownFileType = text.xcconfig; name = "Pods-SQLiteExample-SQLiteExampleUITests.release.xcconfig"; path = "Target Support Files/Pods-SQLiteExample-SQLiteExampleUITests/Pods-SQLiteExample-SQLiteExampleUITests.release.xcconfig"; sourceTree = "<group>"; };
		4BA9399E88BF65C2D7691867 /* Pods_SQLiteExample_SQLiteExampleUITests.framework */ = {isa = PBXFileReference; explicitFileType = wrapper.framework; includeInIndex = 0; path = Pods_SQLiteExample_SQLiteExampleUITests.framework; sourceTree = BUILT_PRODUCTS_DIR; };
		6CC75E71053A91169F669BDC /* Pods-SQLiteExampleTests.debug.xcconfig */ = {isa = PBXFileReference; includeInIndex = 1; lastKnownFileType = text.xcconfig; name = "Pods-SQLiteExampleTests.debug.xcconfig"; path = "Target Support Files/Pods-SQLiteExampleTests/Pods-SQLiteExampleTests.debug.xcconfig"; sourceTree = "<group>"; };
		805CE189A85D7843F449BC52 /* Pods_SQLiteExampleTests.framework */ = {isa = PBXFileReference; explicitFileType = wrapper.framework; includeInIndex = 0; path = Pods_SQLiteExampleTests.framework; sourceTree = BUILT_PRODUCTS_DIR; };
		E876D4E8087C41DA48A9129C /* Pods-SQLiteExample-SQLiteExampleUITests.debug.xcconfig */ = {isa = PBXFileReference; includeInIndex = 1; lastKnownFileType = text.xcconfig; name = "Pods-SQLiteExample-SQLiteExampleUITests.debug.xcconfig"; path = "Target Support Files/Pods-SQLiteExample-SQLiteExampleUITests/Pods-SQLiteExample-SQLiteExampleUITests.debug.xcconfig"; sourceTree = "<group>"; };
/* End PBXFileReference section */

/* Begin PBXFrameworksBuildPhase section */
		182F211C2533264400477466 /* Frameworks */ = {
			isa = PBXFrameworksBuildPhase;
			buildActionMask = 2147483647;
			files = (
				2FA1891B58420C7434755337 /* Pods_SQLiteExample.framework in Frameworks */,
			);
			runOnlyForDeploymentPostprocessing = 0;
		};
		182F21352533266B00477466 /* Frameworks */ = {
			isa = PBXFrameworksBuildPhase;
			buildActionMask = 2147483647;
			files = (
				4C5355DF7EB29FC0BAF335FE /* Pods_SQLiteExampleTests.framework in Frameworks */,
			);
			runOnlyForDeploymentPostprocessing = 0;
		};
		182F21402533266C00477466 /* Frameworks */ = {
			isa = PBXFrameworksBuildPhase;
			buildActionMask = 2147483647;
			files = (
				1A20E3E719A737FB433CA0AE /* Pods_SQLiteExample_SQLiteExampleUITests.framework in Frameworks */,
			);
			runOnlyForDeploymentPostprocessing = 0;
		};
/* End PBXFrameworksBuildPhase section */

/* Begin PBXGroup section */
		182F21162533264400477466 = {
			isa = PBXGroup;
			children = (
				182F21212533264400477466 /* SQLiteExample */,
				182F213B2533266C00477466 /* SQLiteExampleTests */,
				182F21462533266C00477466 /* SQLiteExampleUITests */,
				182F21202533264400477466 /* Products */,
				7D50F858226747567657707E /* Pods */,
				29AB07F2D1F319B8DC513AC6 /* Frameworks */,
			);
			sourceTree = "<group>";
		};
		182F21202533264400477466 /* Products */ = {
			isa = PBXGroup;
			children = (
				182F211F2533264400477466 /* SQLiteExample.app */,
				182F21382533266B00477466 /* SQLiteExampleTests.xctest */,
				182F21432533266C00477466 /* SQLiteExampleUITests.xctest */,
			);
			name = Products;
			sourceTree = "<group>";
		};
		182F21212533264400477466 /* SQLiteExample */ = {
			isa = PBXGroup;
			children = (
				182F215825332BBD00477466 /* RegisterDB.db */,
				182F21222533264400477466 /* AppDelegate.swift */,
				182F21242533264400477466 /* SceneDelegate.swift */,
				182F21262533264400477466 /* ViewController.swift */,
				18271E17253995EF002FE5BB /* SecrtPageViewController.swift */,
				182F21282533264400477466 /* Main.storyboard */,
				182F212E2533266B00477466 /* Assets.xcassets */,
				182F21302533266B00477466 /* LaunchScreen.storyboard */,
				182F21332533266B00477466 /* Info.plist */,
				182F212B2533264400477466 /* SQLiteExample.xcdatamodeld */,
				182F216725332DEA00477466 /* Utility.swift */,
				182F216C2533333000477466 /* SignupModel.swift */,
				182F2171253333AF00477466 /* DatabaseManager.swift */,
			);
			path = SQLiteExample;
			sourceTree = "<group>";
		};
		182F213B2533266C00477466 /* SQLiteExampleTests */ = {
			isa = PBXGroup;
			children = (
				182F213C2533266C00477466 /* SQLiteExampleTests.swift */,
				182F213E2533266C00477466 /* Info.plist */,
			);
			path = SQLiteExampleTests;
			sourceTree = "<group>";
		};
		182F21462533266C00477466 /* SQLiteExampleUITests */ = {
			isa = PBXGroup;
			children = (
				182F21472533266C00477466 /* SQLiteExampleUITests.swift */,
				182F21492533266C00477466 /* Info.plist */,
			);
			path = SQLiteExampleUITests;
			sourceTree = "<group>";
		};
		29AB07F2D1F319B8DC513AC6 /* Frameworks */ = {
			isa = PBXGroup;
			children = (
				15BF0F89FC5A8C3BDA6CA025 /* Pods_SQLiteExample.framework */,
				4BA9399E88BF65C2D7691867 /* Pods_SQLiteExample_SQLiteExampleUITests.framework */,
				805CE189A85D7843F449BC52 /* Pods_SQLiteExampleTests.framework */,
			);
			name = Frameworks;
			sourceTree = "<group>";
		};
		7D50F858226747567657707E /* Pods */ = {
			isa = PBXGroup;
			children = (
				1C7B51F497C23D59C59A0D2D /* Pods-SQLiteExample.debug.xcconfig */,
				1745BC37562EF3557F377519 /* Pods-SQLiteExample.release.xcconfig */,
				E876D4E8087C41DA48A9129C /* Pods-SQLiteExample-SQLiteExampleUITests.debug.xcconfig */,
				3F36DFB7B6B72C4910E3F426 /* Pods-SQLiteExample-SQLiteExampleUITests.release.xcconfig */,
				6CC75E71053A91169F669BDC /* Pods-SQLiteExampleTests.debug.xcconfig */,
				16E490C5F2FD3A6775A9C643 /* Pods-SQLiteExampleTests.release.xcconfig */,
			);
			path = Pods;
			sourceTree = "<group>";
		};
/* End PBXGroup section */

/* Begin PBXNativeTarget section */
		182F211E2533264400477466 /* SQLiteExample */ = {
			isa = PBXNativeTarget;
			buildConfigurationList = 182F214C2533266C00477466 /* Build configuration list for PBXNativeTarget "SQLiteExample" */;
			buildPhases = (
				6DF3D2711B335C3CE43C19C9 /* [CP] Check Pods Manifest.lock */,
				182F211B2533264400477466 /* Sources */,
				182F211C2533264400477466 /* Frameworks */,
				182F211D2533264400477466 /* Resources */,
				671AE7A1D688DEAAC03ECA3D /* [CP] Embed Pods Frameworks */,
			);
			buildRules = (
			);
			dependencies = (
			);
			name = SQLiteExample;
			productName = SQLiteExample;
			productReference = 182F211F2533264400477466 /* SQLiteExample.app */;
			productType = "com.apple.product-type.application";
		};
		182F21372533266B00477466 /* SQLiteExampleTests */ = {
			isa = PBXNativeTarget;
			buildConfigurationList = 182F214F2533266C00477466 /* Build configuration list for PBXNativeTarget "SQLiteExampleTests" */;
			buildPhases = (
				E784C4A0A5EDF42B2B0C5703 /* [CP] Check Pods Manifest.lock */,
				182F21342533266B00477466 /* Sources */,
				182F21352533266B00477466 /* Frameworks */,
				182F21362533266B00477466 /* Resources */,
			);
			buildRules = (
			);
			dependencies = (
				182F213A2533266C00477466 /* PBXTargetDependency */,
			);
			name = SQLiteExampleTests;
			productName = SQLiteExampleTests;
			productReference = 182F21382533266B00477466 /* SQLiteExampleTests.xctest */;
			productType = "com.apple.product-type.bundle.unit-test";
		};
		182F21422533266C00477466 /* SQLiteExampleUITests */ = {
			isa = PBXNativeTarget;
			buildConfigurationList = 182F21522533266C00477466 /* Build configuration list for PBXNativeTarget "SQLiteExampleUITests" */;
			buildPhases = (
				62E48324BEC58AF7E67D92F8 /* [CP] Check Pods Manifest.lock */,
				182F213F2533266C00477466 /* Sources */,
				182F21402533266C00477466 /* Frameworks */,
				182F21412533266C00477466 /* Resources */,
				BABD772BEF9F350B8323E76F /* [CP] Embed Pods Frameworks */,
			);
			buildRules = (
			);
			dependencies = (
				182F21452533266C00477466 /* PBXTargetDependency */,
			);
			name = SQLiteExampleUITests;
			productName = SQLiteExampleUITests;
			productReference = 182F21432533266C00477466 /* SQLiteExampleUITests.xctest */;
			productType = "com.apple.product-type.bundle.ui-testing";
		};
/* End PBXNativeTarget section */

/* Begin PBXProject section */
		182F21172533264400477466 /* Project object */ = {
			isa = PBXProject;
			attributes = {
				LastSwiftUpdateCheck = 1200;
				LastUpgradeCheck = 1200;
				TargetAttributes = {
					182F211E2533264400477466 = {
						CreatedOnToolsVersion = 12.0.1;
					};
					182F21372533266B00477466 = {
						CreatedOnToolsVersion = 12.0.1;
						TestTargetID = 182F211E2533264400477466;
					};
					182F21422533266C00477466 = {
						CreatedOnToolsVersion = 12.0.1;
						TestTargetID = 182F211E2533264400477466;
					};
				};
			};
			buildConfigurationList = 182F211A2533264400477466 /* Build configuration list for PBXProject "SQLiteExample" */;
			compatibilityVersion = "Xcode 9.3";
			developmentRegion = en;
			hasScannedForEncodings = 0;
			knownRegions = (
				en,
				Base,
			);
			mainGroup = 182F21162533264400477466;
			productRefGroup = 182F21202533264400477466 /* Products */;
			projectDirPath = "";
			projectRoot = "";
			targets = (
				182F211E2533264400477466 /* SQLiteExample */,
				182F21372533266B00477466 /* SQLiteExampleTests */,
				182F21422533266C00477466 /* SQLiteExampleUITests */,
			);
		};
/* End PBXProject section */

/* Begin PBXResourcesBuildPhase section */
		182F211D2533264400477466 /* Resources */ = {
			isa = PBXResourcesBuildPhase;
			buildActionMask = 2147483647;
			files = (
				182F215925332BBD00477466 /* RegisterDB.db in Resources */,
				182F21322533266B00477466 /* LaunchScreen.storyboard in Resources */,
				182F212F2533266B00477466 /* Assets.xcassets in Resources */,
				182F212A2533264400477466 /* Main.storyboard in Resources */,
			);
			runOnlyForDeploymentPostprocessing = 0;
		};
		182F21362533266B00477466 /* Resources */ = {
			isa = PBXResourcesBuildPhase;
			buildActionMask = 2147483647;
			files = (
			);
			runOnlyForDeploymentPostprocessing = 0;
		};
		182F21412533266C00477466 /* Resources */ = {
			isa = PBXResourcesBuildPhase;
			buildActionMask = 2147483647;
			files = (
			);
			runOnlyForDeploymentPostprocessing = 0;
		};
/* End PBXResourcesBuildPhase section */

/* Begin PBXShellScriptBuildPhase section */
		62E48324BEC58AF7E67D92F8 /* [CP] Check Pods Manifest.lock */ = {
			isa = PBXShellScriptBuildPhase;
			buildActionMask = 2147483647;
			files = (
			);
			inputFileListPaths = (
			);
			inputPaths = (
				"${PODS_PODFILE_DIR_PATH}/Podfile.lock",
				"${PODS_ROOT}/Manifest.lock",
			);
			name = "[CP] Check Pods Manifest.lock";
			outputFileListPaths = (
			);
			outputPaths = (
				"$(DERIVED_FILE_DIR)/Pods-SQLiteExample-SQLiteExampleUITests-checkManifestLockResult.txt",
			);
			runOnlyForDeploymentPostprocessing = 0;
			shellPath = /bin/sh;
			shellScript = "diff \"${PODS_PODFILE_DIR_PATH}/Podfile.lock\" \"${PODS_ROOT}/Manifest.lock\" > /dev/null\nif [ $? != 0 ] ; then\n    # print error to STDERR\n    echo \"error: The sandbox is not in sync with the Podfile.lock. Run 'pod install' or update your CocoaPods installation.\" >&2\n    exit 1\nfi\n# This output is used by Xcode 'outputs' to avoid re-running this script phase.\necho \"SUCCESS\" > \"${SCRIPT_OUTPUT_FILE_0}\"\n";
			showEnvVarsInLog = 0;
		};
		671AE7A1D688DEAAC03ECA3D /* [CP] Embed Pods Frameworks */ = {
			isa = PBXShellScriptBuildPhase;
			buildActionMask = 2147483647;
			files = (
			);
			inputFileListPaths = (
				"${PODS_ROOT}/Target Support Files/Pods-SQLiteExample/Pods-SQLiteExample-frameworks-${CONFIGURATION}-input-files.xcfilelist",
			);
			name = "[CP] Embed Pods Frameworks";
			outputFileListPaths = (
				"${PODS_ROOT}/Target Support Files/Pods-SQLiteExample/Pods-SQLiteExample-frameworks-${CONFIGURATION}-output-files.xcfilelist",
			);
			runOnlyForDeploymentPostprocessing = 0;
			shellPath = /bin/sh;
			shellScript = "\"${PODS_ROOT}/Target Support Files/Pods-SQLiteExample/Pods-SQLiteExample-frameworks.sh\"\n";
			showEnvVarsInLog = 0;
		};
		6DF3D2711B335C3CE43C19C9 /* [CP] Check Pods Manifest.lock */ = {
			isa = PBXShellScriptBuildPhase;
			buildActionMask = 2147483647;
			files = (
			);
			inputFileListPaths = (
			);
			inputPaths = (
				"${PODS_PODFILE_DIR_PATH}/Podfile.lock",
				"${PODS_ROOT}/Manifest.lock",
			);
			name = "[CP] Check Pods Manifest.lock";
			outputFileListPaths = (
			);
			outputPaths = (
				"$(DERIVED_FILE_DIR)/Pods-SQLiteExample-checkManifestLockResult.txt",
			);
			runOnlyForDeploymentPostprocessing = 0;
			shellPath = /bin/sh;
			shellScript = "diff \"${PODS_PODFILE_DIR_PATH}/Podfile.lock\" \"${PODS_ROOT}/Manifest.lock\" > /dev/null\nif [ $? != 0 ] ; then\n    # print error to STDERR\n    echo \"error: The sandbox is not in sync with the Podfile.lock. Run 'pod install' or update your CocoaPods installation.\" >&2\n    exit 1\nfi\n# This output is used by Xcode 'outputs' to avoid re-running this script phase.\necho \"SUCCESS\" > \"${SCRIPT_OUTPUT_FILE_0}\"\n";
			showEnvVarsInLog = 0;
		};
		BABD772BEF9F350B8323E76F /* [CP] Embed Pods Frameworks */ = {
			isa = PBXShellScriptBuildPhase;
			buildActionMask = 2147483647;
			files = (
			);
			inputFileListPaths = (
				"${PODS_ROOT}/Target Support Files/Pods-SQLiteExample-SQLiteExampleUITests/Pods-SQLiteExample-SQLiteExampleUITests-frameworks-${CONFIGURATION}-input-files.xcfilelist",
			);
			name = "[CP] Embed Pods Frameworks";
			outputFileListPaths = (
				"${PODS_ROOT}/Target Support Files/Pods-SQLiteExample-SQLiteExampleUITests/Pods-SQLiteExample-SQLiteExampleUITests-frameworks-${CONFIGURATION}-output-files.xcfilelist",
			);
			runOnlyForDeploymentPostprocessing = 0;
			shellPath = /bin/sh;
			shellScript = "\"${PODS_ROOT}/Target Support Files/Pods-SQLiteExample-SQLiteExampleUITests/Pods-SQLiteExample-SQLiteExampleUITests-frameworks.sh\"\n";
			showEnvVarsInLog = 0;
		};
		E784C4A0A5EDF42B2B0C5703 /* [CP] Check Pods Manifest.lock */ = {
			isa = PBXShellScriptBuildPhase;
			buildActionMask = 2147483647;
			files = (
			);
			inputFileListPaths = (
			);
			inputPaths = (
				"${PODS_PODFILE_DIR_PATH}/Podfile.lock",
				"${PODS_ROOT}/Manifest.lock",
			);
			name = "[CP] Check Pods Manifest.lock";
			outputFileListPaths = (
			);
			outputPaths = (
				"$(DERIVED_FILE_DIR)/Pods-SQLiteExampleTests-checkManifestLockResult.txt",
			);
			runOnlyForDeploymentPostprocessing = 0;
			shellPath = /bin/sh;
			shellScript = "diff \"${PODS_PODFILE_DIR_PATH}/Podfile.lock\" \"${PODS_ROOT}/Manifest.lock\" > /dev/null\nif [ $? != 0 ] ; then\n    # print error to STDERR\n    echo \"error: The sandbox is not in sync with the Podfile.lock. Run 'pod install' or update your CocoaPods installation.\" >&2\n    exit 1\nfi\n# This output is used by Xcode 'outputs' to avoid re-running this script phase.\necho \"SUCCESS\" > \"${SCRIPT_OUTPUT_FILE_0}\"\n";
			showEnvVarsInLog = 0;
		};
/* End PBXShellScriptBuildPhase section */

/* Begin PBXSourcesBuildPhase section */
		182F211B2533264400477466 /* Sources */ = {
			isa = PBXSourcesBuildPhase;
			buildActionMask = 2147483647;
			files = (
				182F216825332DEA00477466 /* Utility.swift in Sources */,
				182F212D2533264400477466 /* SQLiteExample.xcdatamodeld in Sources */,
				182F21272533264400477466 /* ViewController.swift in Sources */,
				182F21232533264400477466 /* AppDelegate.swift in Sources */,
				182F21252533264400477466 /* SceneDelegate.swift in Sources */,
				18271E18253995EF002FE5BB /* SecrtPageViewController.swift in Sources */,
				182F216D2533333000477466 /* SignupModel.swift in Sources */,
				182F2172253333AF00477466 /* DatabaseManager.swift in Sources */,
			);
			runOnlyForDeploymentPostprocessing = 0;
		};
		182F21342533266B00477466 /* Sources */ = {
			isa = PBXSourcesBuildPhase;
			buildActionMask = 2147483647;
			files = (
				182F213D2533266C00477466 /* SQLiteExampleTests.swift in Sources */,
			);
			runOnlyForDeploymentPostprocessing = 0;
		};
		182F213F2533266C00477466 /* Sources */ = {
			isa = PBXSourcesBuildPhase;
			buildActionMask = 2147483647;
			files = (
				182F21482533266C00477466 /* SQLiteExampleUITests.swift in Sources */,
			);
			runOnlyForDeploymentPostprocessing = 0;
		};
/* End PBXSourcesBuildPhase section */

/* Begin PBXTargetDependency section */
		182F213A2533266C00477466 /* PBXTargetDependency */ = {
			isa = PBXTargetDependency;
			target = 182F211E2533264400477466 /* SQLiteExample */;
			targetProxy = 182F21392533266C00477466 /* PBXContainerItemProxy */;
		};
		182F21452533266C00477466 /* PBXTargetDependency */ = {
			isa = PBXTargetDependency;
			target = 182F211E2533264400477466 /* SQLiteExample */;
			targetProxy = 182F21442533266C00477466 /* PBXContainerItemProxy */;
		};
/* End PBXTargetDependency section */

/* Begin PBXVariantGroup section */
		182F21282533264400477466 /* Main.storyboard */ = {
			isa = PBXVariantGroup;
			children = (
				182F21292533264400477466 /* Base */,
			);
			name = Main.storyboard;
			sourceTree = "<group>";
		};
		182F21302533266B00477466 /* LaunchScreen.storyboard */ = {
			isa = PBXVariantGroup;
			children = (
				182F21312533266B00477466 /* Base */,
			);
			name = LaunchScreen.storyboard;
			sourceTree = "<group>";
		};
/* End PBXVariantGroup section */

/* Begin XCBuildConfiguration section */
		182F214A2533266C00477466 /* Debug */ = {
			isa = XCBuildConfiguration;
			buildSettings = {
				ALWAYS_SEARCH_USER_PATHS = NO;
				CLANG_ANALYZER_NONNULL = YES;
				CLANG_ANALYZER_NUMBER_OBJECT_CONVERSION = YES_AGGRESSIVE;
				CLANG_CXX_LANGUAGE_STANDARD = "gnu++14";
				CLANG_CXX_LIBRARY = "libc++";
				CLANG_ENABLE_MODULES = YES;
				CLANG_ENABLE_OBJC_ARC = YES;
				CLANG_ENABLE_OBJC_WEAK = YES;
				CLANG_WARN_BLOCK_CAPTURE_AUTORELEASING = YES;
				CLANG_WARN_BOOL_CONVERSION = YES;
				CLANG_WARN_COMMA = YES;
				CLANG_WARN_CONSTANT_CONVERSION = YES;
				CLANG_WARN_DEPRECATED_OBJC_IMPLEMENTATIONS = YES;
				CLANG_WARN_DIRECT_OBJC_ISA_USAGE = YES_ERROR;
				CLANG_WARN_DOCUMENTATION_COMMENTS = YES;
				CLANG_WARN_EMPTY_BODY = YES;
				CLANG_WARN_ENUM_CONVERSION = YES;
				CLANG_WARN_INFINITE_RECURSION = YES;
				CLANG_WARN_INT_CONVERSION = YES;
				CLANG_WARN_NON_LITERAL_NULL_CONVERSION = YES;
				CLANG_WARN_OBJC_IMPLICIT_RETAIN_SELF = YES;
				CLANG_WARN_OBJC_LITERAL_CONVERSION = YES;
				CLANG_WARN_OBJC_ROOT_CLASS = YES_ERROR;
				CLANG_WARN_QUOTED_INCLUDE_IN_FRAMEWORK_HEADER = YES;
				CLANG_WARN_RANGE_LOOP_ANALYSIS = YES;
				CLANG_WARN_STRICT_PROTOTYPES = YES;
				CLANG_WARN_SUSPICIOUS_MOVE = YES;
				CLANG_WARN_UNGUARDED_AVAILABILITY = YES_AGGRESSIVE;
				CLANG_WARN_UNREACHABLE_CODE = YES;
				CLANG_WARN__DUPLICATE_METHOD_MATCH = YES;
				COPY_PHASE_STRIP = NO;
				DEBUG_INFORMATION_FORMAT = dwarf;
				ENABLE_STRICT_OBJC_MSGSEND = YES;
				ENABLE_TESTABILITY = YES;
				GCC_C_LANGUAGE_STANDARD = gnu11;
				GCC_DYNAMIC_NO_PIC = NO;
				GCC_NO_COMMON_BLOCKS = YES;
				GCC_OPTIMIZATION_LEVEL = 0;
				GCC_PREPROCESSOR_DEFINITIONS = (
					"DEBUG=1",
					"$(inherited)",
				);
				GCC_WARN_64_TO_32_BIT_CONVERSION = YES;
				GCC_WARN_ABOUT_RETURN_TYPE = YES_ERROR;
				GCC_WARN_UNDECLARED_SELECTOR = YES;
				GCC_WARN_UNINITIALIZED_AUTOS = YES_AGGRESSIVE;
				GCC_WARN_UNUSED_FUNCTION = YES;
				GCC_WARN_UNUSED_VARIABLE = YES;
				IPHONEOS_DEPLOYMENT_TARGET = 14.0;
				MTL_ENABLE_DEBUG_INFO = INCLUDE_SOURCE;
				MTL_FAST_MATH = YES;
				ONLY_ACTIVE_ARCH = YES;
				SDKROOT = iphoneos;
				SWIFT_ACTIVE_COMPILATION_CONDITIONS = DEBUG;
				SWIFT_OPTIMIZATION_LEVEL = "-Onone";
			};
			name = Debug;
		};
		182F214B2533266C00477466 /* Release */ = {
			isa = XCBuildConfiguration;
			buildSettings = {
				ALWAYS_SEARCH_USER_PATHS = NO;
				CLANG_ANALYZER_NONNULL = YES;
				CLANG_ANALYZER_NUMBER_OBJECT_CONVERSION = YES_AGGRESSIVE;
				CLANG_CXX_LANGUAGE_STANDARD = "gnu++14";
				CLANG_CXX_LIBRARY = "libc++";
				CLANG_ENABLE_MODULES = YES;
				CLANG_ENABLE_OBJC_ARC = YES;
				CLANG_ENABLE_OBJC_WEAK = YES;
				CLANG_WARN_BLOCK_CAPTURE_AUTORELEASING = YES;
				CLANG_WARN_BOOL_CONVERSION = YES;
				CLANG_WARN_COMMA = YES;
				CLANG_WARN_CONSTANT_CONVERSION = YES;
				CLANG_WARN_DEPRECATED_OBJC_IMPLEMENTATIONS = YES;
				CLANG_WARN_DIRECT_OBJC_ISA_USAGE = YES_ERROR;
				CLANG_WARN_DOCUMENTATION_COMMENTS = YES;
				CLANG_WARN_EMPTY_BODY = YES;
				CLANG_WARN_ENUM_CONVERSION = YES;
				CLANG_WARN_INFINITE_RECURSION = YES;
				CLANG_WARN_INT_CONVERSION = YES;
				CLANG_WARN_NON_LITERAL_NULL_CONVERSION = YES;
				CLANG_WARN_OBJC_IMPLICIT_RETAIN_SELF = YES;
				CLANG_WARN_OBJC_LITERAL_CONVERSION = YES;
				CLANG_WARN_OBJC_ROOT_CLASS = YES_ERROR;
				CLANG_WARN_QUOTED_INCLUDE_IN_FRAMEWORK_HEADER = YES;
				CLANG_WARN_RANGE_LOOP_ANALYSIS = YES;
				CLANG_WARN_STRICT_PROTOTYPES = YES;
				CLANG_WARN_SUSPICIOUS_MOVE = YES;
				CLANG_WARN_UNGUARDED_AVAILABILITY = YES_AGGRESSIVE;
				CLANG_WARN_UNREACHABLE_CODE = YES;
				CLANG_WARN__DUPLICATE_METHOD_MATCH = YES;
				COPY_PHASE_STRIP = NO;
				DEBUG_INFORMATION_FORMAT = "dwarf-with-dsym";
				ENABLE_NS_ASSERTIONS = NO;
				ENABLE_STRICT_OBJC_MSGSEND = YES;
				GCC_C_LANGUAGE_STANDARD = gnu11;
				GCC_NO_COMMON_BLOCKS = YES;
				GCC_WARN_64_TO_32_BIT_CONVERSION = YES;
				GCC_WARN_ABOUT_RETURN_TYPE = YES_ERROR;
				GCC_WARN_UNDECLARED_SELECTOR = YES;
				GCC_WARN_UNINITIALIZED_AUTOS = YES_AGGRESSIVE;
				GCC_WARN_UNUSED_FUNCTION = YES;
				GCC_WARN_UNUSED_VARIABLE = YES;
				IPHONEOS_DEPLOYMENT_TARGET = 14.0;
				MTL_ENABLE_DEBUG_INFO = NO;
				MTL_FAST_MATH = YES;
				SDKROOT = iphoneos;
				SWIFT_COMPILATION_MODE = wholemodule;
				SWIFT_OPTIMIZATION_LEVEL = "-O";
				VALIDATE_PRODUCT = YES;
			};
			name = Release;
		};
		182F214D2533266C00477466 /* Debug */ = {
			isa = XCBuildConfiguration;
			baseConfigurationReference = 1C7B51F497C23D59C59A0D2D /* Pods-SQLiteExample.debug.xcconfig */;
			buildSettings = {
				ASSETCATALOG_COMPILER_APPICON_NAME = AppIcon;
				ASSETCATALOG_COMPILER_GLOBAL_ACCENT_COLOR_NAME = AccentColor;
				CODE_SIGN_STYLE = Automatic;
				DEVELOPMENT_TEAM = Z7VEURMV45;
				INFOPLIST_FILE = SQLiteExample/Info.plist;
				LD_RUNPATH_SEARCH_PATHS = (
					"$(inherited)",
					"@executable_path/Frameworks",
				);
				PRODUCT_BUNDLE_IDENTIFIER = com.SQLiteExample;
				PRODUCT_NAME = "$(TARGET_NAME)";
				SWIFT_VERSION = 5.0;
				TARGETED_DEVICE_FAMILY = "1,2";
			};
			name = Debug;
		};
		182F214E2533266C00477466 /* Release */ = {
			isa = XCBuildConfiguration;
			baseConfigurationReference = 1745BC37562EF3557F377519 /* Pods-SQLiteExample.release.xcconfig */;
			buildSettings = {
				ASSETCATALOG_COMPILER_APPICON_NAME = AppIcon;
				ASSETCATALOG_COMPILER_GLOBAL_ACCENT_COLOR_NAME = AccentColor;
				CODE_SIGN_STYLE = Automatic;
				DEVELOPMENT_TEAM = Z7VEURMV45;
				INFOPLIST_FILE = SQLiteExample/Info.plist;
				LD_RUNPATH_SEARCH_PATHS = (
					"$(inherited)",
					"@executable_path/Frameworks",
				);
				PRODUCT_BUNDLE_IDENTIFIER = com.SQLiteExample;
				PRODUCT_NAME = "$(TARGET_NAME)";
				SWIFT_VERSION = 5.0;
				TARGETED_DEVICE_FAMILY = "1,2";
			};
			name = Release;
		};
		182F21502533266C00477466 /* Debug */ = {
			isa = XCBuildConfiguration;
			baseConfigurationReference = 6CC75E71053A91169F669BDC /* Pods-SQLiteExampleTests.debug.xcconfig */;
			buildSettings = {
				ALWAYS_EMBED_SWIFT_STANDARD_LIBRARIES = YES;
				BUNDLE_LOADER = "$(TEST_HOST)";
				CODE_SIGN_STYLE = Automatic;
				DEVELOPMENT_TEAM = Z7VEURMV45;
				INFOPLIST_FILE = SQLiteExampleTests/Info.plist;
				IPHONEOS_DEPLOYMENT_TARGET = 14.0;
				LD_RUNPATH_SEARCH_PATHS = (
					"$(inherited)",
					"@executable_path/Frameworks",
					"@loader_path/Frameworks",
				);
				PRODUCT_BUNDLE_IDENTIFIER = com.SQLiteExampleTests;
				PRODUCT_NAME = "$(TARGET_NAME)";
				SWIFT_VERSION = 5.0;
				TARGETED_DEVICE_FAMILY = "1,2";
				TEST_HOST = "$(BUILT_PRODUCTS_DIR)/SQLiteExample.app/SQLiteExample";
			};
			name = Debug;
		};
		182F21512533266C00477466 /* Release */ = {
			isa = XCBuildConfiguration;
			baseConfigurationReference = 16E490C5F2FD3A6775A9C643 /* Pods-SQLiteExampleTests.release.xcconfig */;
			buildSettings = {
				ALWAYS_EMBED_SWIFT_STANDARD_LIBRARIES = YES;
				BUNDLE_LOADER = "$(TEST_HOST)";
				CODE_SIGN_STYLE = Automatic;
				DEVELOPMENT_TEAM = Z7VEURMV45;
				INFOPLIST_FILE = SQLiteExampleTests/Info.plist;
				IPHONEOS_DEPLOYMENT_TARGET = 14.0;
				LD_RUNPATH_SEARCH_PATHS = (
					"$(inherited)",
					"@executable_path/Frameworks",
					"@loader_path/Frameworks",
				);
				PRODUCT_BUNDLE_IDENTIFIER = com.SQLiteExampleTests;
				PRODUCT_NAME = "$(TARGET_NAME)";
				SWIFT_VERSION = 5.0;
				TARGETED_DEVICE_FAMILY = "1,2";
				TEST_HOST = "$(BUILT_PRODUCTS_DIR)/SQLiteExample.app/SQLiteExample";
			};
			name = Release;
		};
		182F21532533266C00477466 /* Debug */ = {
			isa = XCBuildConfiguration;
			baseConfigurationReference = E876D4E8087C41DA48A9129C /* Pods-SQLiteExample-SQLiteExampleUITests.debug.xcconfig */;
			buildSettings = {
				ALWAYS_EMBED_SWIFT_STANDARD_LIBRARIES = YES;
				CODE_SIGN_STYLE = Automatic;
				DEVELOPMENT_TEAM = Z7VEURMV45;
				INFOPLIST_FILE = SQLiteExampleUITests/Info.plist;
				LD_RUNPATH_SEARCH_PATHS = (
					"$(inherited)",
					"@executable_path/Frameworks",
					"@loader_path/Frameworks",
				);
				PRODUCT_BUNDLE_IDENTIFIER = com.SQLiteExampleUITests;
				PRODUCT_NAME = "$(TARGET_NAME)";
				SWIFT_VERSION = 5.0;
				TARGETED_DEVICE_FAMILY = "1,2";
				TEST_TARGET_NAME = SQLiteExample;
			};
			name = Debug;
		};
		182F21542533266C00477466 /* Release */ = {
			isa = XCBuildConfiguration;
			baseConfigurationReference = 3F36DFB7B6B72C4910E3F426 /* Pods-SQLiteExample-SQLiteExampleUITests.release.xcconfig */;
			buildSettings = {
				ALWAYS_EMBED_SWIFT_STANDARD_LIBRARIES = YES;
				CODE_SIGN_STYLE = Automatic;
				DEVELOPMENT_TEAM = Z7VEURMV45;
				INFOPLIST_FILE = SQLiteExampleUITests/Info.plist;
				LD_RUNPATH_SEARCH_PATHS = (
					"$(inherited)",
					"@executable_path/Frameworks",
					"@loader_path/Frameworks",
				);
				PRODUCT_BUNDLE_IDENTIFIER = com.SQLiteExampleUITests;
				PRODUCT_NAME = "$(TARGET_NAME)";
				SWIFT_VERSION = 5.0;
				TARGETED_DEVICE_FAMILY = "1,2";
				TEST_TARGET_NAME = SQLiteExample;
			};
			name = Release;
		};
/* End XCBuildConfiguration section */

/* Begin XCConfigurationList section */
		182F211A2533264400477466 /* Build configuration list for PBXProject "SQLiteExample" */ = {
			isa = XCConfigurationList;
			buildConfigurations = (
				182F214A2533266C00477466 /* Debug */,
				182F214B2533266C00477466 /* Release */,
			);
			defaultConfigurationIsVisible = 0;
			defaultConfigurationName = Release;
		};
		182F214C2533266C00477466 /* Build configuration list for PBXNativeTarget "SQLiteExample" */ = {
			isa = XCConfigurationList;
			buildConfigurations = (
				182F214D2533266C00477466 /* Debug */,
				182F214E2533266C00477466 /* Release */,
			);
			defaultConfigurationIsVisible = 0;
			defaultConfigurationName = Release;
		};
		182F214F2533266C00477466 /* Build configuration list for PBXNativeTarget "SQLiteExampleTests" */ = {
			isa = XCConfigurationList;
			buildConfigurations = (
				182F21502533266C00477466 /* Debug */,
				182F21512533266C00477466 /* Release */,
			);
			defaultConfigurationIsVisible = 0;
			defaultConfigurationName = Release;
		};
		182F21522533266C00477466 /* Build configuration list for PBXNativeTarget "SQLiteExampleUITests" */ = {
			isa = XCConfigurationList;
			buildConfigurations = (
				182F21532533266C00477466 /* Debug */,
				182F21542533266C00477466 /* Release */,
			);
			defaultConfigurationIsVisible = 0;
			defaultConfigurationName = Release;
		};
/* End XCConfigurationList section */

/* Begin XCVersionGroup section */
		182F212B2533264400477466 /* SQLiteExample.xcdatamodeld */ = {
			isa = XCVersionGroup;
			children = (
				182F212C2533264400477466 /* SQLiteExample.xcdatamodel */,
			);
			currentVersion = 182F212C2533264400477466 /* SQLiteExample.xcdatamodel */;
			path = SQLiteExample.xcdatamodeld;
			sourceTree = "<group>";
			versionGroupType = wrapper.xcdatamodel;
		};
/* End XCVersionGroup section */
	};
	rootObject = 182F21172533264400477466 /* Project object */;
}
